{
  "version": 4,
  "terraform_version": "1.1.6",
  "serial": 9,
  "lineage": "346fef72-5ef4-da1a-1e75-2bce7db7b69b",
  "outputs": {
    "dashboard-url": {
      "value": "http://edc-dashboard.westeurope.azurecontainer.io",
      "type": "string"
    }
  },
  "resources": [
    {
      "mode": "data",
      "type": "azurerm_client_config",
      "name": "current",
      "provider": "provider[\"registry.terraform.io/hashicorp/azurerm\"]",
      "instances": [
        {
          "schema_version": 0,
          "attributes": {
            "client_id": "09f56aa5-ef43-4d02-b7e8-686f2de027dd",
            "id": "2022-02-28 09:17:58.698504067 +0000 UTC",
            "object_id": "d315cbc4-c9d3-4146-b0b7-0c7f08bc7c04",
            "subscription_id": "5beb4845-6555-4390-9684-5dc59ab3d069",
            "tenant_id": "1d9b26d0-b6ea-4495-97d3-e85ccf73a154",
            "timeouts": null
          },
          "sensitive_attributes": []
        }
      ]
    },
    {
      "mode": "data",
      "type": "azurerm_subscription",
      "name": "primary",
      "provider": "provider[\"registry.terraform.io/hashicorp/azurerm\"]",
      "instances": [
        {
          "schema_version": 0,
          "attributes": {
            "display_name": "GaiaX Development",
            "id": "/subscriptions/5beb4845-6555-4390-9684-5dc59ab3d069",
            "location_placement_id": "Public_2014-09-01",
            "quota_id": "PayAsYouGo_2014-09-01",
            "spending_limit": "Off",
            "state": "Enabled",
            "subscription_id": "5beb4845-6555-4390-9684-5dc59ab3d069",
            "tags": {},
            "tenant_id": "1d9b26d0-b6ea-4495-97d3-e85ccf73a154",
            "timeouts": null
          },
          "sensitive_attributes": []
        }
      ]
    },
    {
      "mode": "managed",
      "type": "azurerm_container_group",
      "name": "edc-dashboard",
      "provider": "provider[\"registry.terraform.io/hashicorp/azurerm\"]",
      "instances": [
        {
          "schema_version": 0,
          "attributes": {
            "container": [
              {
                "commands": [],
                "cpu": 2,
                "environment_variables": {},
                "gpu": [],
                "image": "edcdemo.azurecr.io/inesdata-connector-interface:latest",
                "liveness_probe": [],
                "memory": 2,
                "name": "edc-data-dashboard",
                "ports": [
                  {
                    "port": 4200,
                    "protocol": "TCP"
                  }
                ],
                "readiness_probe": [],
                "secure_environment_variables": {},
                "volume": []
              }
            ],
            "diagnostics": [],
            "dns_config": [],
            "dns_name_label": "edc-dashboard",
            "exposed_port": [
              {
                "port": 4200,
                "protocol": "TCP"
              }
            ],
            "fqdn": "edc-dashboard.westeurope.azurecontainer.io",
            "id": "/subscriptions/5beb4845-6555-4390-9684-5dc59ab3d069/resourceGroups/edc-ui-resources/providers/Microsoft.ContainerInstance/containerGroups/edc-data-dashboard",
            "identity": [],
            "image_registry_credential": [
              {
                "password": "KhZyNokjEbmt4DS+01SgPHpqiyHRBCW4",
                "server": "edcdemo.azurecr.io",
                "username": "edcdemo"
              }
            ],
            "ip_address": "20.93.169.106",
            "ip_address_type": "Public",
            "location": "westeurope",
            "name": "edc-data-dashboard",
            "network_profile_id": null,
            "os_type": "Linux",
            "resource_group_name": "edc-ui-resources",
            "restart_policy": "Always",
            "tags": {},
            "timeouts": null
          },
          "sensitive_attributes": [],
          "private": "eyJlMmJmYjczMC1lY2FhLTExZTYtOGY4OC0zNDM2M2JjN2M0YzAiOnsiY3JlYXRlIjoxODAwMDAwMDAwMDAwLCJkZWxldGUiOjE4MDAwMDAwMDAwMDAsInJlYWQiOjMwMDAwMDAwMDAwMCwidXBkYXRlIjoxODAwMDAwMDAwMDAwfX0="
        }
      ]
    }
  ]
}
